
Microsoft Visual Studio Solution File, Format Version 12.00
# Visual Studio Version 16
VisualStudioVersion = 16.0.31624.102
MinimumVisualStudioVersion = 10.0.40219.1
Project("{9A19103F-16F7-4668-BE54-9A1E7A4F7556}") = "CAPSTONEPROJECT", "CAPSTONEPROJECT.csproj", "{FBAD8BFF-2534-4218-9383-2B7FA40A696A}"
EndProject
Global
	GlobalSection(SolutionConfigurationPlatforms) = preSolution
		Debug|Any CPU = Debug|Any CPU
		Release|Any CPU = Release|Any CPU
	EndGlobalSection
	GlobalSection(ProjectConfigurationPlatforms) = postSolution
		{FBAD8BFF-2534-4218-9383-2B7FA40A696A}.Debug|Any CPU.ActiveCfg = Debug|Any CPU
		{FBAD8BFF-2534-4218-9383-2B7FA40A696A}.Debug|Any CPU.Build.0 = Debug|Any CPU
		{FBAD8BFF-2534-4218-9383-2B7FA40A696A}.Release|Any CPU.ActiveCfg = Release|Any CPU
		{FBAD8BFF-2534-4218-9383-2B7FA40A696A}.Release|Any CPU.Build.0 = Release|Any CPU
	EndGlobalSection
	GlobalSection(SolutionProperties) = preSolution
		HideSolutionNode = FALSE
	EndGlobalSection
	GlobalSection(ExtensibilityGlobals) = postSolution
		SolutionGuid = {BFC1829F-1B62-4830-A6AC-E4BBB07154A3}
	EndGlobalSection
EndGlobal
